# THIS IS AN AUTOGENERATED FILE. DO NOT EDIT THIS FILE DIRECTLY.
# yarn lockfile v1


acorn@^5.1.1:
  version "5.7.3"
  resolved "https://registry.yarnpkg.com/acorn/-/acorn-5.7.3.tgz#67aa231bf8812974b85235a96771eb6bd07ea279"

brain.js@^1.6.1:
  version "1.6.1"
  resolved "https://registry.yarnpkg.com/brain.js/-/brain.js-1.6.1.tgz#ab18c591882feeda11e70c62a427fe78ca4aa817"
  dependencies:
    gpu.js "^1.10.4"
    thaw.js "^2.0.0"

csv-parse@^4.4.3:
  version "4.4.3"
  resolved "https://registry.yarnpkg.com/csv-parse/-/csv-parse-4.4.3.tgz#a3fc56b6f54de88db76fbd34a55c091861522712"

gpu.js@^1.10.4:
  version "1.10.4"
  resolved "https://registry.yarnpkg.com/gpu.js/-/gpu.js-1.10.4.tgz#f0290dc08d40a9de7329b91f1523703cdd0a64c7"
  dependencies:
    acorn "^5.1.1"

readline-sync@^1.4.9:
  version "1.4.9"
  resolved "https://registry.yarnpkg.com/readline-sync/-/readline-sync-1.4.9.tgz#3eda8e65f23cd2a17e61301b1f0003396af5ecda"

thaw.js@^2.0.0:
  version "2.0.0"
  resolved "https://registry.yarnpkg.com/thaw.js/-/thaw.js-2.0.0.tgz#452bc5d7ee2ce1b6f92037b05b506cbd656291d0"
